
Microsoft Visual Studio Solution File, Format Version 12.00
# Visual Studio Version 16
VisualStudioVersion = 16.0.30621.155
MinimumVisualStudioVersion = 10.0.40219.1
Project("{FAE04EC0-301F-11D3-BF4B-00C04F79EFBC}") = "синглтон", "синглтон\синглтон.csproj", "{BFF8E6DC-410A-4D46-8C95-C29915B4FD40}"
EndProject
Project("{FAE04EC0-301F-11D3-BF4B-00C04F79EFBC}") = "singlton", "singlton\singlton.csproj", "{361B5CF8-C741-403B-AC76-1204410F5204}"
EndProject
Global
	GlobalSection(SolutionConfigurationPlatforms) = preSolution
		Debug|Any CPU = Debug|Any CPU
		Release|Any CPU = Release|Any CPU
	EndGlobalSection
	GlobalSection(ProjectConfigurationPlatforms) = postSolution
		{BFF8E6DC-410A-4D46-8C95-C29915B4FD40}.Debug|Any CPU.ActiveCfg = Debug|Any CPU
		{BFF8E6DC-410A-4D46-8C95-C29915B4FD40}.Debug|Any CPU.Build.0 = Debug|Any CPU
		{BFF8E6DC-410A-4D46-8C95-C29915B4FD40}.Release|Any CPU.ActiveCfg = Release|Any CPU
		{BFF8E6DC-410A-4D46-8C95-C29915B4FD40}.Release|Any CPU.Build.0 = Release|Any CPU
		{361B5CF8-C741-403B-AC76-1204410F5204}.Debug|Any CPU.ActiveCfg = Debug|Any CPU
		{361B5CF8-C741-403B-AC76-1204410F5204}.Debug|Any CPU.Build.0 = Debug|Any CPU
		{361B5CF8-C741-403B-AC76-1204410F5204}.Release|Any CPU.ActiveCfg = Release|Any CPU
		{361B5CF8-C741-403B-AC76-1204410F5204}.Release|Any CPU.Build.0 = Release|Any CPU
	EndGlobalSection
	GlobalSection(SolutionProperties) = preSolution
		HideSolutionNode = FALSE
	EndGlobalSection
	GlobalSection(ExtensibilityGlobals) = postSolution
		SolutionGuid = {29A764F0-97FE-4A9B-9F95-0D5F7F4F2499}
	EndGlobalSection
EndGlobal
