
Microsoft Visual Studio Solution File, Format Version 12.00
# Visual Studio Version 16
VisualStudioVersion = 16.0.30621.155
MinimumVisualStudioVersion = 10.0.40219.1
Project("{FAE04EC0-301F-11D3-BF4B-00C04F79EFBC}") = "lb7", "lb7\lb7.csproj", "{6BE0A2A7-68D6-4D81-9F0B-D9883C2F3D1F}"
EndProject
Project("{FAE04EC0-301F-11D3-BF4B-00C04F79EFBC}") = "ClassLibrary1", "ClassLibrary1\ClassLibrary1.csproj", "{E75034A8-82DD-4EA0-A058-90721AA0EE96}"
EndProject
Global
	GlobalSection(SolutionConfigurationPlatforms) = preSolution
		Debug|Any CPU = Debug|Any CPU
		Release|Any CPU = Release|Any CPU
	EndGlobalSection
	GlobalSection(ProjectConfigurationPlatforms) = postSolution
		{6BE0A2A7-68D6-4D81-9F0B-D9883C2F3D1F}.Debug|Any CPU.ActiveCfg = Debug|Any CPU
		{6BE0A2A7-68D6-4D81-9F0B-D9883C2F3D1F}.Debug|Any CPU.Build.0 = Debug|Any CPU
		{6BE0A2A7-68D6-4D81-9F0B-D9883C2F3D1F}.Release|Any CPU.ActiveCfg = Release|Any CPU
		{6BE0A2A7-68D6-4D81-9F0B-D9883C2F3D1F}.Release|Any CPU.Build.0 = Release|Any CPU
		{E75034A8-82DD-4EA0-A058-90721AA0EE96}.Debug|Any CPU.ActiveCfg = Debug|Any CPU
		{E75034A8-82DD-4EA0-A058-90721AA0EE96}.Debug|Any CPU.Build.0 = Debug|Any CPU
		{E75034A8-82DD-4EA0-A058-90721AA0EE96}.Release|Any CPU.ActiveCfg = Release|Any CPU
		{E75034A8-82DD-4EA0-A058-90721AA0EE96}.Release|Any CPU.Build.0 = Release|Any CPU
	EndGlobalSection
	GlobalSection(SolutionProperties) = preSolution
		HideSolutionNode = FALSE
	EndGlobalSection
	GlobalSection(ExtensibilityGlobals) = postSolution
		SolutionGuid = {BB141940-4D08-4499-839C-4AC015B00ADE}
	EndGlobalSection
EndGlobal
